{
  "nodes": {
    "nixpkgs": {
      "locked": {
        "lastModified": 1780051219,
        "narHash": "sha256-WnxzG4x47uCgjz+uD+vOzbF+Qid+hKyYdJWbduA9w7g=",
        "owner": "nixos",
        "repo": "nixpkgs",
        "rev": "e8e446a361172fe838243958325845d0b845c5e5",
        "type": "github"
      },
      "original": {
        "owner": "nixos",
        "ref": "nixos-26.05",
        "repo": "nixpkgs",
        "type": "github"
      }
    },
    "root": {
      "inputs": {
        "nixpkgs": "nixpkgs"
      }
    }
  },
  "root": "root",
  "version": 7
}
